// !$*UTF8*$!
{
	archiveVersion = 1;
	classes = {
	};
	objectVersion = 55;
	objects = {

/* Begin PBXBuildFile section */
		845B35D42B0FD57600582966 /* NearBlock.swift in Sources */ = {isa = PBXBuildFile; fileRef = 845B35D32B0FD57600582966 /* NearBlock.swift */; };
		845B35D62B0FD6B800582966 /* HelloBlock.swift in Sources */ = {isa = PBXBuildFile; fileRef = 845B35D52B0FD6B800582966 /* HelloBlock.swift */; };
		845B35D82B0FD73000582966 /* CardBlock.swift in Sources */ = {isa = PBXBuildFile; fileRef = 845B35D72B0FD73000582966 /* CardBlock.swift */; };
		845B35DA2B0FD7AC00582966 /* SearchBlock.swift in Sources */ = {isa = PBXBuildFile; fileRef = 845B35D92B0FD7AC00582966 /* SearchBlock.swift */; };
		845B35DC2B0FD86F00582966 /* CategoryBlock.swift in Sources */ = {isa = PBXBuildFile; fileRef = 845B35DB2B0FD86F00582966 /* CategoryBlock.swift */; };
		849D6A142B0BB1360087792B /* Poppins-Black.ttf in Resources */ = {isa = PBXBuildFile; fileRef = 849D6A132B0BB1360087792B /* Poppins-Black.ttf */; };
		849D6A162B0BB2320087792B /* Poppins-Bold.ttf in Resources */ = {isa = PBXBuildFile; fileRef = 849D6A152B0BB2320087792B /* Poppins-Bold.ttf */; };
		849D6A182B0BB2440087792B /* Poppins-ExtraBold.ttf in Resources */ = {isa = PBXBuildFile; fileRef = 849D6A172B0BB2440087792B /* Poppins-ExtraBold.ttf */; };
		849D6A1A2B0BB2970087792B /* Poppins-Regular.ttf in Resources */ = {isa = PBXBuildFile; fileRef = 849D6A192B0BB2970087792B /* Poppins-Regular.ttf */; };
		849D6A1C2B0BB2B00087792B /* Poppins-Medium.ttf in Resources */ = {isa = PBXBuildFile; fileRef = 849D6A1B2B0BB2B00087792B /* Poppins-Medium.ttf */; };
		849D6A1E2B0BB2BF0087792B /* Poppins-SemiBold.ttf in Resources */ = {isa = PBXBuildFile; fileRef = 849D6A1D2B0BB2BF0087792B /* Poppins-SemiBold.ttf */; };
		84CDA6052B09E5AD00CE427B /* EffectiveLab2App.swift in Sources */ = {isa = PBXBuildFile; fileRef = 84CDA6042B09E5AD00CE427B /* EffectiveLab2App.swift */; };
		84CDA6092B09E5B200CE427B /* Assets.xcassets in Resources */ = {isa = PBXBuildFile; fileRef = 84CDA6082B09E5B200CE427B /* Assets.xcassets */; };
		84CDA60C2B09E5B200CE427B /* Preview Assets.xcassets in Resources */ = {isa = PBXBuildFile; fileRef = 84CDA60B2B09E5B200CE427B /* Preview Assets.xcassets */; };
		84CDA6142B0A28E600CE427B /* MainScreen.swift in Sources */ = {isa = PBXBuildFile; fileRef = 84CDA6132B0A28E600CE427B /* MainScreen.swift */; };
/* End PBXBuildFile section */

/* Begin PBXFileReference section */
		845B35D32B0FD57600582966 /* NearBlock.swift */ = {isa = PBXFileReference; lastKnownFileType = sourcecode.swift; path = NearBlock.swift; sourceTree = "<group>"; };
		845B35D52B0FD6B800582966 /* HelloBlock.swift */ = {isa = PBXFileReference; lastKnownFileType = sourcecode.swift; path = HelloBlock.swift; sourceTree = "<group>"; };
		845B35D72B0FD73000582966 /* CardBlock.swift */ = {isa = PBXFileReference; lastKnownFileType = sourcecode.swift; path = CardBlock.swift; sourceTree = "<group>"; };
		845B35D92B0FD7AC00582966 /* SearchBlock.swift */ = {isa = PBXFileReference; lastKnownFileType = sourcecode.swift; path = SearchBlock.swift; sourceTree = "<group>"; };
		845B35DB2B0FD86F00582966 /* CategoryBlock.swift */ = {isa = PBXFileReference; lastKnownFileType = sourcecode.swift; path = CategoryBlock.swift; sourceTree = "<group>"; };
		849D6A122B0BAD9F0087792B /* Info.plist */ = {isa = PBXFileReference; lastKnownFileType = text.plist; path = Info.plist; sourceTree = "<group>"; };
		849D6A132B0BB1360087792B /* Poppins-Black.ttf */ = {isa = PBXFileReference; lastKnownFileType = file; name = "Poppins-Black.ttf"; path = "../../../Downloads/Poppins 2/Poppins-Black.ttf"; sourceTree = "<group>"; };
		849D6A152B0BB2320087792B /* Poppins-Bold.ttf */ = {isa = PBXFileReference; lastKnownFileType = file; name = "Poppins-Bold.ttf"; path = "../../../Downloads/Poppins 2/Poppins-Bold.ttf"; sourceTree = "<group>"; };
		849D6A172B0BB2440087792B /* Poppins-ExtraBold.ttf */ = {isa = PBXFileReference; lastKnownFileType = file; name = "Poppins-ExtraBold.ttf"; path = "../../../Downloads/Poppins 2/Poppins-ExtraBold.ttf"; sourceTree = "<group>"; };
		849D6A192B0BB2970087792B /* Poppins-Regular.ttf */ = {isa = PBXFileReference; lastKnownFileType = file; name = "Poppins-Regular.ttf"; path = "../../../Downloads/Poppins 2/Poppins-Regular.ttf"; sourceTree = "<group>"; };
		849D6A1B2B0BB2B00087792B /* Poppins-Medium.ttf */ = {isa = PBXFileReference; lastKnownFileType = file; name = "Poppins-Medium.ttf"; path = "../../../Downloads/Poppins 2/Poppins-Medium.ttf"; sourceTree = "<group>"; };
		849D6A1D2B0BB2BF0087792B /* Poppins-SemiBold.ttf */ = {isa = PBXFileReference; lastKnownFileType = file; name = "Poppins-SemiBold.ttf"; path = "../../../Downloads/Poppins 2/Poppins-SemiBold.ttf"; sourceTree = "<group>"; };
		84CDA6012B09E5AD00CE427B /* EffectiveLab2.app */ = {isa = PBXFileReference; explicitFileType = wrapper.application; includeInIndex = 0; path = EffectiveLab2.app; sourceTree = BUILT_PRODUCTS_DIR; };
		84CDA6042B09E5AD00CE427B /* EffectiveLab2App.swift */ = {isa = PBXFileReference; lastKnownFileType = sourcecode.swift; path = EffectiveLab2App.swift; sourceTree = "<group>"; };
		84CDA6082B09E5B200CE427B /* Assets.xcassets */ = {isa = PBXFileReference; lastKnownFileType = folder.assetcatalog; path = Assets.xcassets; sourceTree = "<group>"; };
		84CDA60B2B09E5B200CE427B /* Preview Assets.xcassets */ = {isa = PBXFileReference; lastKnownFileType = folder.assetcatalog; path = "Preview Assets.xcassets"; sourceTree = "<group>"; };
		84CDA6132B0A28E600CE427B /* MainScreen.swift */ = {isa = PBXFileReference; lastKnownFileType = sourcecode.swift; path = MainScreen.swift; sourceTree = "<group>"; };
/* End PBXFileReference section */

/* Begin PBXFrameworksBuildPhase section */
		84CDA5FE2B09E5AD00CE427B /* Frameworks */ = {
			isa = PBXFrameworksBuildPhase;
			buildActionMask = 2147483647;
			files = (
			);
			runOnlyForDeploymentPostprocessing = 0;
		};
/* End PBXFrameworksBuildPhase section */

/* Begin PBXGroup section */
		845B35D22B0FD54700582966 /* components */ = {
			isa = PBXGroup;
			children = (
				845B35D32B0FD57600582966 /* NearBlock.swift */,
				845B35D52B0FD6B800582966 /* HelloBlock.swift */,
				845B35D72B0FD73000582966 /* CardBlock.swift */,
				845B35D92B0FD7AC00582966 /* SearchBlock.swift */,
				845B35DB2B0FD86F00582966 /* CategoryBlock.swift */,
			);
			path = components;
			sourceTree = "<group>";
		};
		849D69FF2B0BAB220087792B /* Fonts */ = {
			isa = PBXGroup;
			children = (
				849D6A1D2B0BB2BF0087792B /* Poppins-SemiBold.ttf */,
				849D6A1B2B0BB2B00087792B /* Poppins-Medium.ttf */,
				849D6A192B0BB2970087792B /* Poppins-Regular.ttf */,
				849D6A172B0BB2440087792B /* Poppins-ExtraBold.ttf */,
				849D6A152B0BB2320087792B /* Poppins-Bold.ttf */,
				849D6A132B0BB1360087792B /* Poppins-Black.ttf */,
			);
			path = Fonts;
			sourceTree = "<group>";
		};
		84CDA5F82B09E5AD00CE427B = {
			isa = PBXGroup;
			children = (
				849D69FF2B0BAB220087792B /* Fonts */,
				84CDA6032B09E5AD00CE427B /* EffectiveLab2 */,
				84CDA6022B09E5AD00CE427B /* Products */,
			);
			sourceTree = "<group>";
		};
		84CDA6022B09E5AD00CE427B /* Products */ = {
			isa = PBXGroup;
			children = (
				84CDA6012B09E5AD00CE427B /* EffectiveLab2.app */,
			);
			name = Products;
			sourceTree = "<group>";
		};
		84CDA6032B09E5AD00CE427B /* EffectiveLab2 */ = {
			isa = PBXGroup;
			children = (
				849D6A122B0BAD9F0087792B /* Info.plist */,
				84CDA6122B0A28B500CE427B /* MainScreen */,
				84CDA6042B09E5AD00CE427B /* EffectiveLab2App.swift */,
				84CDA6082B09E5B200CE427B /* Assets.xcassets */,
				84CDA60A2B09E5B200CE427B /* Preview Content */,
			);
			path = EffectiveLab2;
			sourceTree = "<group>";
		};
		84CDA60A2B09E5B200CE427B /* Preview Content */ = {
			isa = PBXGroup;
			children = (
				84CDA60B2B09E5B200CE427B /* Preview Assets.xcassets */,
			);
			path = "Preview Content";
			sourceTree = "<group>";
		};
		84CDA6122B0A28B500CE427B /* MainScreen */ = {
			isa = PBXGroup;
			children = (
				845B35D22B0FD54700582966 /* components */,
				84CDA6132B0A28E600CE427B /* MainScreen.swift */,
			);
			path = MainScreen;
			sourceTree = "<group>";
		};
/* End PBXGroup section */

/* Begin PBXNativeTarget section */
		84CDA6002B09E5AD00CE427B /* EffectiveLab2 */ = {
			isa = PBXNativeTarget;
			buildConfigurationList = 84CDA60F2B09E5B200CE427B /* Build configuration list for PBXNativeTarget "EffectiveLab2" */;
			buildPhases = (
				84CDA5FD2B09E5AD00CE427B /* Sources */,
				84CDA5FE2B09E5AD00CE427B /* Frameworks */,
				84CDA5FF2B09E5AD00CE427B /* Resources */,
			);
			buildRules = (
			);
			dependencies = (
			);
			name = EffectiveLab2;
			productName = EffectiveLab2;
			productReference = 84CDA6012B09E5AD00CE427B /* EffectiveLab2.app */;
			productType = "com.apple.product-type.application";
		};
/* End PBXNativeTarget section */

/* Begin PBXProject section */
		84CDA5F92B09E5AD00CE427B /* Project object */ = {
			isa = PBXProject;
			attributes = {
				BuildIndependentTargetsInParallel = 1;
				LastSwiftUpdateCheck = 1340;
				LastUpgradeCheck = 1340;
				TargetAttributes = {
					84CDA6002B09E5AD00CE427B = {
						CreatedOnToolsVersion = 13.4.1;
					};
				};
			};
			buildConfigurationList = 84CDA5FC2B09E5AD00CE427B /* Build configuration list for PBXProject "EffectiveLab2" */;
			compatibilityVersion = "Xcode 13.0";
			developmentRegion = en;
			hasScannedForEncodings = 0;
			knownRegions = (
				en,
				Base,
			);
			mainGroup = 84CDA5F82B09E5AD00CE427B;
			productRefGroup = 84CDA6022B09E5AD00CE427B /* Products */;
			projectDirPath = "";
			projectRoot = "";
			targets = (
				84CDA6002B09E5AD00CE427B /* EffectiveLab2 */,
			);
		};
/* End PBXProject section */

/* Begin PBXResourcesBuildPhase section */
		84CDA5FF2B09E5AD00CE427B /* Resources */ = {
			isa = PBXResourcesBuildPhase;
			buildActionMask = 2147483647;
			files = (
				849D6A142B0BB1360087792B /* Poppins-Black.ttf in Resources */,
				849D6A1C2B0BB2B00087792B /* Poppins-Medium.ttf in Resources */,
				849D6A182B0BB2440087792B /* Poppins-ExtraBold.ttf in Resources */,
				84CDA60C2B09E5B200CE427B /* Preview Assets.xcassets in Resources */,
				849D6A1A2B0BB2970087792B /* Poppins-Regular.ttf in Resources */,
				849D6A1E2B0BB2BF0087792B /* Poppins-SemiBold.ttf in Resources */,
				84CDA6092B09E5B200CE427B /* Assets.xcassets in Resources */,
				849D6A162B0BB2320087792B /* Poppins-Bold.ttf in Resources */,
			);
			runOnlyForDeploymentPostprocessing = 0;
		};
/* End PBXResourcesBuildPhase section */

/* Begin PBXSourcesBuildPhase section */
		84CDA5FD2B09E5AD00CE427B /* Sources */ = {
			isa = PBXSourcesBuildPhase;
			buildActionMask = 2147483647;
			files = (
				845B35D82B0FD73000582966 /* CardBlock.swift in Sources */,
				84CDA6142B0A28E600CE427B /* MainScreen.swift in Sources */,
				84CDA6052B09E5AD00CE427B /* EffectiveLab2App.swift in Sources */,
				845B35DC2B0FD86F00582966 /* CategoryBlock.swift in Sources */,
				845B35D62B0FD6B800582966 /* HelloBlock.swift in Sources */,
				845B35D42B0FD57600582966 /* NearBlock.swift in Sources */,
				845B35DA2B0FD7AC00582966 /* SearchBlock.swift in Sources */,
			);
			runOnlyForDeploymentPostprocessing = 0;
		};
/* End PBXSourcesBuildPhase section */

/* Begin XCBuildConfiguration section */
		84CDA60D2B09E5B200CE427B /* Debug */ = {
			isa = XCBuildConfiguration;
			buildSettings = {
				ALWAYS_SEARCH_USER_PATHS = NO;
				CLANG_ANALYZER_NONNULL = YES;
				CLANG_ANALYZER_NUMBER_OBJECT_CONVERSION = YES_AGGRESSIVE;
				CLANG_CXX_LANGUAGE_STANDARD = "gnu++17";
				CLANG_ENABLE_MODULES = YES;
				CLANG_ENABLE_OBJC_ARC = YES;
				CLANG_ENABLE_OBJC_WEAK = YES;
				CLANG_WARN_BLOCK_CAPTURE_AUTORELEASING = YES;
				CLANG_WARN_BOOL_CONVERSION = YES;
				CLANG_WARN_COMMA = YES;
				CLANG_WARN_CONSTANT_CONVERSION = YES;
				CLANG_WARN_DEPRECATED_OBJC_IMPLEMENTATIONS = YES;
				CLANG_WARN_DIRECT_OBJC_ISA_USAGE = YES_ERROR;
				CLANG_WARN_DOCUMENTATION_COMMENTS = YES;
				CLANG_WARN_EMPTY_BODY = YES;
				CLANG_WARN_ENUM_CONVERSION = YES;
				CLANG_WARN_INFINITE_RECURSION = YES;
				CLANG_WARN_INT_CONVERSION = YES;
				CLANG_WARN_NON_LITERAL_NULL_CONVERSION = YES;
				CLANG_WARN_OBJC_IMPLICIT_RETAIN_SELF = YES;
				CLANG_WARN_OBJC_LITERAL_CONVERSION = YES;
				CLANG_WARN_OBJC_ROOT_CLASS = YES_ERROR;
				CLANG_WARN_QUOTED_INCLUDE_IN_FRAMEWORK_HEADER = YES;
				CLANG_WARN_RANGE_LOOP_ANALYSIS = YES;
				CLANG_WARN_STRICT_PROTOTYPES = YES;
				CLANG_WARN_SUSPICIOUS_MOVE = YES;
				CLANG_WARN_UNGUARDED_AVAILABILITY = YES_AGGRESSIVE;
				CLANG_WARN_UNREACHABLE_CODE = YES;
				CLANG_WARN__DUPLICATE_METHOD_MATCH = YES;
				COPY_PHASE_STRIP = NO;
				DEBUG_INFORMATION_FORMAT = dwarf;
				ENABLE_STRICT_OBJC_MSGSEND = YES;
				ENABLE_TESTABILITY = YES;
				GCC_C_LANGUAGE_STANDARD = gnu11;
				GCC_DYNAMIC_NO_PIC = NO;
				GCC_NO_COMMON_BLOCKS = YES;
				GCC_OPTIMIZATION_LEVEL = 0;
				GCC_PREPROCESSOR_DEFINITIONS = (
					"DEBUG=1",
					"$(inherited)",
				);
				GCC_WARN_64_TO_32_BIT_CONVERSION = YES;
				GCC_WARN_ABOUT_RETURN_TYPE = YES_ERROR;
				GCC_WARN_UNDECLARED_SELECTOR = YES;
				GCC_WARN_UNINITIALIZED_AUTOS = YES_AGGRESSIVE;
				GCC_WARN_UNUSED_FUNCTION = YES;
				GCC_WARN_UNUSED_VARIABLE = YES;
				IPHONEOS_DEPLOYMENT_TARGET = 15.5;
				MTL_ENABLE_DEBUG_INFO = INCLUDE_SOURCE;
				MTL_FAST_MATH = YES;
				ONLY_ACTIVE_ARCH = YES;
				SDKROOT = iphoneos;
				SWIFT_ACTIVE_COMPILATION_CONDITIONS = DEBUG;
				SWIFT_OPTIMIZATION_LEVEL = "-Onone";
			};
			name = Debug;
		};
		84CDA60E2B09E5B200CE427B /* Release */ = {
			isa = XCBuildConfiguration;
			buildSettings = {
				ALWAYS_SEARCH_USER_PATHS = NO;
				CLANG_ANALYZER_NONNULL = YES;
				CLANG_ANALYZER_NUMBER_OBJECT_CONVERSION = YES_AGGRESSIVE;
				CLANG_CXX_LANGUAGE_STANDARD = "gnu++17";
				CLANG_ENABLE_MODULES = YES;
				CLANG_ENABLE_OBJC_ARC = YES;
				CLANG_ENABLE_OBJC_WEAK = YES;
				CLANG_WARN_BLOCK_CAPTURE_AUTORELEASING = YES;
				CLANG_WARN_BOOL_CONVERSION = YES;
				CLANG_WARN_COMMA = YES;
				CLANG_WARN_CONSTANT_CONVERSION = YES;
				CLANG_WARN_DEPRECATED_OBJC_IMPLEMENTATIONS = YES;
				CLANG_WARN_DIRECT_OBJC_ISA_USAGE = YES_ERROR;
				CLANG_WARN_DOCUMENTATION_COMMENTS = YES;
				CLANG_WARN_EMPTY_BODY = YES;
				CLANG_WARN_ENUM_CONVERSION = YES;
				CLANG_WARN_INFINITE_RECURSION = YES;
				CLANG_WARN_INT_CONVERSION = YES;
				CLANG_WARN_NON_LITERAL_NULL_CONVERSION = YES;
				CLANG_WARN_OBJC_IMPLICIT_RETAIN_SELF = YES;
				CLANG_WARN_OBJC_LITERAL_CONVERSION = YES;
				CLANG_WARN_OBJC_ROOT_CLASS = YES_ERROR;
				CLANG_WARN_QUOTED_INCLUDE_IN_FRAMEWORK_HEADER = YES;
				CLANG_WARN_RANGE_LOOP_ANALYSIS = YES;
				CLANG_WARN_STRICT_PROTOTYPES = YES;
				CLANG_WARN_SUSPICIOUS_MOVE = YES;
				CLANG_WARN_UNGUARDED_AVAILABILITY = YES_AGGRESSIVE;
				CLANG_WARN_UNREACHABLE_CODE = YES;
				CLANG_WARN__DUPLICATE_METHOD_MATCH = YES;
				COPY_PHASE_STRIP = NO;
				DEBUG_INFORMATION_FORMAT = "dwarf-with-dsym";
				ENABLE_NS_ASSERTIONS = NO;
				ENABLE_STRICT_OBJC_MSGSEND = YES;
				GCC_C_LANGUAGE_STANDARD = gnu11;
				GCC_NO_COMMON_BLOCKS = YES;
				GCC_WARN_64_TO_32_BIT_CONVERSION = YES;
				GCC_WARN_ABOUT_RETURN_TYPE = YES_ERROR;
				GCC_WARN_UNDECLARED_SELECTOR = YES;
				GCC_WARN_UNINITIALIZED_AUTOS = YES_AGGRESSIVE;
				GCC_WARN_UNUSED_FUNCTION = YES;
				GCC_WARN_UNUSED_VARIABLE = YES;
				IPHONEOS_DEPLOYMENT_TARGET = 15.5;
				MTL_ENABLE_DEBUG_INFO = NO;
				MTL_FAST_MATH = YES;
				SDKROOT = iphoneos;
				SWIFT_COMPILATION_MODE = wholemodule;
				SWIFT_OPTIMIZATION_LEVEL = "-O";
				VALIDATE_PRODUCT = YES;
			};
			name = Release;
		};
		84CDA6102B09E5B200CE427B /* Debug */ = {
			isa = XCBuildConfiguration;
			buildSettings = {
				ASSETCATALOG_COMPILER_APPICON_NAME = AppIcon;
				ASSETCATALOG_COMPILER_GLOBAL_ACCENT_COLOR_NAME = AccentColor;
				CODE_SIGN_STYLE = Automatic;
				CURRENT_PROJECT_VERSION = 1;
				DEVELOPMENT_ASSET_PATHS = "\"EffectiveLab2/Preview Content\"";
				ENABLE_PREVIEWS = YES;
				GENERATE_INFOPLIST_FILE = YES;
				INFOPLIST_FILE = EffectiveLab2/Info.plist;
				INFOPLIST_KEY_UIApplicationSceneManifest_Generation = YES;
				INFOPLIST_KEY_UIApplicationSupportsIndirectInputEvents = YES;
				INFOPLIST_KEY_UILaunchScreen_Generation = YES;
				INFOPLIST_KEY_UISupportedInterfaceOrientations = UIInterfaceOrientationPortrait;
				INFOPLIST_KEY_UISupportedInterfaceOrientations_iPad = "UIInterfaceOrientationPortrait UIInterfaceOrientationPortraitUpsideDown UIInterfaceOrientationLandscapeLeft UIInterfaceOrientationLandscapeRight";
				INFOPLIST_KEY_UISupportedInterfaceOrientations_iPhone = "UIInterfaceOrientationPortrait UIInterfaceOrientationLandscapeLeft UIInterfaceOrientationLandscapeRight";
				LD_RUNPATH_SEARCH_PATHS = (
					"$(inherited)",
					"@executable_path/Frameworks",
				);
				MARKETING_VERSION = 1.0;
				PRODUCT_BUNDLE_IDENTIFIER = com.efflab.EffectiveLab2;
				PRODUCT_NAME = "$(TARGET_NAME)";
				SWIFT_EMIT_LOC_STRINGS = YES;
				SWIFT_VERSION = 5.0;
				TARGETED_DEVICE_FAMILY = 1;
			};
			name = Debug;
		};
		84CDA6112B09E5B200CE427B /* Release */ = {
			isa = XCBuildConfiguration;
			buildSettings = {
				ASSETCATALOG_COMPILER_APPICON_NAME = AppIcon;
				ASSETCATALOG_COMPILER_GLOBAL_ACCENT_COLOR_NAME = AccentColor;
				CODE_SIGN_STYLE = Automatic;
				CURRENT_PROJECT_VERSION = 1;
				DEVELOPMENT_ASSET_PATHS = "\"EffectiveLab2/Preview Content\"";
				ENABLE_PREVIEWS = YES;
				GENERATE_INFOPLIST_FILE = YES;
				INFOPLIST_FILE = EffectiveLab2/Info.plist;
				INFOPLIST_KEY_UIApplicationSceneManifest_Generation = YES;
				INFOPLIST_KEY_UIApplicationSupportsIndirectInputEvents = YES;
				INFOPLIST_KEY_UILaunchScreen_Generation = YES;
				INFOPLIST_KEY_UISupportedInterfaceOrientations = UIInterfaceOrientationPortrait;
				INFOPLIST_KEY_UISupportedInterfaceOrientations_iPad = "UIInterfaceOrientationPortrait UIInterfaceOrientationPortraitUpsideDown UIInterfaceOrientationLandscapeLeft UIInterfaceOrientationLandscapeRight";
				INFOPLIST_KEY_UISupportedInterfaceOrientations_iPhone = "UIInterfaceOrientationPortrait UIInterfaceOrientationLandscapeLeft UIInterfaceOrientationLandscapeRight";
				LD_RUNPATH_SEARCH_PATHS = (
					"$(inherited)",
					"@executable_path/Frameworks",
				);
				MARKETING_VERSION = 1.0;
				PRODUCT_BUNDLE_IDENTIFIER = com.efflab.EffectiveLab2;
				PRODUCT_NAME = "$(TARGET_NAME)";
				SWIFT_EMIT_LOC_STRINGS = YES;
				SWIFT_VERSION = 5.0;
				TARGETED_DEVICE_FAMILY = 1;
			};
			name = Release;
		};
/* End XCBuildConfiguration section */

/* Begin XCConfigurationList section */
		84CDA5FC2B09E5AD00CE427B /* Build configuration list for PBXProject "EffectiveLab2" */ = {
			isa = XCConfigurationList;
			buildConfigurations = (
				84CDA60D2B09E5B200CE427B /* Debug */,
				84CDA60E2B09E5B200CE427B /* Release */,
			);
			defaultConfigurationIsVisible = 0;
			defaultConfigurationName = Release;
		};
		84CDA60F2B09E5B200CE427B /* Build configuration list for PBXNativeTarget "EffectiveLab2" */ = {
			isa = XCConfigurationList;
			buildConfigurations = (
				84CDA6102B09E5B200CE427B /* Debug */,
				84CDA6112B09E5B200CE427B /* Release */,
			);
			defaultConfigurationIsVisible = 0;
			defaultConfigurationName = Release;
		};
/* End XCConfigurationList section */
	};
	rootObject = 84CDA5F92B09E5AD00CE427B /* Project object */;
}
